// !$*UTF8*$!
{
	archiveVersion = 1;
	classes = {
	};
	objectVersion = 56;
	objects = {

/* Begin PBXBuildFile section */
		D4181DB42AF4D07800865090 /* AppDelegate.swift in Sources */ = {isa = PBXBuildFile; fileRef = D4181DB32AF4D07800865090 /* AppDelegate.swift */; };
		D4181DB62AF4D07800865090 /* SceneDelegate.swift in Sources */ = {isa = PBXBuildFile; fileRef = D4181DB52AF4D07800865090 /* SceneDelegate.swift */; };
		D4181DB82AF4D07800865090 /* HomeController.swift in Sources */ = {isa = PBXBuildFile; fileRef = D4181DB72AF4D07800865090 /* HomeController.swift */; };
		D4181DBB2AF4D07800865090 /* Main.storyboard in Resources */ = {isa = PBXBuildFile; fileRef = D4181DB92AF4D07800865090 /* Main.storyboard */; };
		D4181DBD2AF4D07A00865090 /* Assets.xcassets in Resources */ = {isa = PBXBuildFile; fileRef = D4181DBC2AF4D07A00865090 /* Assets.xcassets */; };
		D4181DC02AF4D07A00865090 /* LaunchScreen.storyboard in Resources */ = {isa = PBXBuildFile; fileRef = D4181DBE2AF4D07A00865090 /* LaunchScreen.storyboard */; };
		D4181DC92AF4D55000865090 /* Extension+UIView.swift in Sources */ = {isa = PBXBuildFile; fileRef = D4181DC82AF4D55000865090 /* Extension+UIView.swift */; };
		D4181DCC2AF81EC100865090 /* HomeButtonControlsStackView.swift in Sources */ = {isa = PBXBuildFile; fileRef = D4181DCB2AF81EC100865090 /* HomeButtonControlsStackView.swift */; };
		D4181DCE2AF828A000865090 /* TopNavigationStackView.swift in Sources */ = {isa = PBXBuildFile; fileRef = D4181DCD2AF828A000865090 /* TopNavigationStackView.swift */; };
		D4181DD02AF8374A00865090 /* CardView.swift in Sources */ = {isa = PBXBuildFile; fileRef = D4181DCF2AF8374A00865090 /* CardView.swift */; };
		D4818AB42AFE09A7003100ED /* RegistrationController.swift in Sources */ = {isa = PBXBuildFile; fileRef = D4818AB32AFE09A7003100ED /* RegistrationController.swift */; };
		D4818AB62AFE159F003100ED /* CustomTextField.swift in Sources */ = {isa = PBXBuildFile; fileRef = D4818AB52AFE159F003100ED /* CustomTextField.swift */; };
		D4818AB92B029206003100ED /* RegistrationViewModel.swift in Sources */ = {isa = PBXBuildFile; fileRef = D4818AB82B029206003100ED /* RegistrationViewModel.swift */; };
		D48593112B083DA900CF5D4E /* SettingsController.swift in Sources */ = {isa = PBXBuildFile; fileRef = D48593102B083DA900CF5D4E /* SettingsController.swift */; };
		D48593132B08662200CF5D4E /* SettingsCell.swift in Sources */ = {isa = PBXBuildFile; fileRef = D48593122B08662200CF5D4E /* SettingsCell.swift */; };
		D485931B2B0C325200CF5D4E /* AgeRangeCell.swift in Sources */ = {isa = PBXBuildFile; fileRef = D485931A2B0C325200CF5D4E /* AgeRangeCell.swift */; };
		D485931E2B0C9C5500CF5D4E /* LoginController.swift in Sources */ = {isa = PBXBuildFile; fileRef = D485931D2B0C9C5500CF5D4E /* LoginController.swift */; };
		D48593202B0C9C6400CF5D4E /* LoginViewModel.swift in Sources */ = {isa = PBXBuildFile; fileRef = D485931F2B0C9C6400CF5D4E /* LoginViewModel.swift */; };
		D48593252B0F8EC600CF5D4E /* UserDetailsController.swift in Sources */ = {isa = PBXBuildFile; fileRef = D48593242B0F8EC600CF5D4E /* UserDetailsController.swift */; };
		D4AA9DC52B1B2B46008ECCD0 /* SwipingPhotoViewController.swift in Sources */ = {isa = PBXBuildFile; fileRef = D4AA9DC42B1B2B45008ECCD0 /* SwipingPhotoViewController.swift */; };
		D4C69B542B0480BE00CEDC82 /* Bindable.swift in Sources */ = {isa = PBXBuildFile; fileRef = D4C69B532B0480BE00CEDC82 /* Bindable.swift */; };
		D4C69B572B04CAFA00CEDC82 /* JGProgressHUD in Frameworks */ = {isa = PBXBuildFile; productRef = D4C69B562B04CAFA00CEDC82 /* JGProgressHUD */; };
		D4C69B5B2B04CB7400CEDC82 /* SDWebImage in Frameworks */ = {isa = PBXBuildFile; productRef = D4C69B5A2B04CB7400CEDC82 /* SDWebImage */; };
		D4C69B5D2B04CB7400CEDC82 /* SDWebImageMapKit in Frameworks */ = {isa = PBXBuildFile; productRef = D4C69B5C2B04CB7400CEDC82 /* SDWebImageMapKit */; };
		D4C69B602B04CF3100CEDC82 /* FirebaseAnalytics in Frameworks */ = {isa = PBXBuildFile; productRef = D4C69B5F2B04CF3100CEDC82 /* FirebaseAnalytics */; };
		D4C69B622B04CF3100CEDC82 /* FirebaseAnalyticsOnDeviceConversion in Frameworks */ = {isa = PBXBuildFile; productRef = D4C69B612B04CF3100CEDC82 /* FirebaseAnalyticsOnDeviceConversion */; };
		D4C69B642B04CF3100CEDC82 /* FirebaseAnalyticsSwift in Frameworks */ = {isa = PBXBuildFile; productRef = D4C69B632B04CF3100CEDC82 /* FirebaseAnalyticsSwift */; };
		D4C69B662B04CF3100CEDC82 /* FirebaseAnalyticsWithoutAdIdSupport in Frameworks */ = {isa = PBXBuildFile; productRef = D4C69B652B04CF3100CEDC82 /* FirebaseAnalyticsWithoutAdIdSupport */; };
		D4C69B6A2B04CF3100CEDC82 /* FirebaseAppDistribution-Beta in Frameworks */ = {isa = PBXBuildFile; productRef = D4C69B692B04CF3100CEDC82 /* FirebaseAppDistribution-Beta */; };
		D4C69B6C2B04CF3100CEDC82 /* FirebaseAuth in Frameworks */ = {isa = PBXBuildFile; productRef = D4C69B6B2B04CF3100CEDC82 /* FirebaseAuth */; };
		D4C69B6E2B04CF3100CEDC82 /* FirebaseAuthCombine-Community in Frameworks */ = {isa = PBXBuildFile; productRef = D4C69B6D2B04CF3100CEDC82 /* FirebaseAuthCombine-Community */; };
		D4C69B702B04CF3100CEDC82 /* FirebaseCrashlytics in Frameworks */ = {isa = PBXBuildFile; productRef = D4C69B6F2B04CF3100CEDC82 /* FirebaseCrashlytics */; };
		D4C69B722B04CF3100CEDC82 /* FirebaseDatabase in Frameworks */ = {isa = PBXBuildFile; productRef = D4C69B712B04CF3100CEDC82 /* FirebaseDatabase */; };
		D4C69B742B04CF3100CEDC82 /* FirebaseDatabaseSwift in Frameworks */ = {isa = PBXBuildFile; productRef = D4C69B732B04CF3100CEDC82 /* FirebaseDatabaseSwift */; };
		D4C69B762B04CF3100CEDC82 /* FirebaseDynamicLinks in Frameworks */ = {isa = PBXBuildFile; productRef = D4C69B752B04CF3100CEDC82 /* FirebaseDynamicLinks */; };
		D4C69B782B04CF3100CEDC82 /* FirebaseFirestore in Frameworks */ = {isa = PBXBuildFile; productRef = D4C69B772B04CF3100CEDC82 /* FirebaseFirestore */; };
		D4C69B7A2B04CF3100CEDC82 /* FirebaseFirestoreCombine-Community in Frameworks */ = {isa = PBXBuildFile; productRef = D4C69B792B04CF3100CEDC82 /* FirebaseFirestoreCombine-Community */; };
		D4C69B7C2B04CF3100CEDC82 /* FirebaseFirestoreSwift in Frameworks */ = {isa = PBXBuildFile; productRef = D4C69B7B2B04CF3100CEDC82 /* FirebaseFirestoreSwift */; };
		D4C69B7E2B04CF3100CEDC82 /* FirebaseFunctions in Frameworks */ = {isa = PBXBuildFile; productRef = D4C69B7D2B04CF3100CEDC82 /* FirebaseFunctions */; };
		D4C69B802B04CF3100CEDC82 /* FirebaseFunctionsCombine-Community in Frameworks */ = {isa = PBXBuildFile; productRef = D4C69B7F2B04CF3100CEDC82 /* FirebaseFunctionsCombine-Community */; };
		D4C69B822B04CF3100CEDC82 /* FirebaseInAppMessaging-Beta in Frameworks */ = {isa = PBXBuildFile; productRef = D4C69B812B04CF3100CEDC82 /* FirebaseInAppMessaging-Beta */; };
		D4C69B842B04CF3100CEDC82 /* FirebaseInAppMessagingSwift-Beta in Frameworks */ = {isa = PBXBuildFile; productRef = D4C69B832B04CF3100CEDC82 /* FirebaseInAppMessagingSwift-Beta */; };
		D4C69B862B04CF3100CEDC82 /* FirebaseInstallations in Frameworks */ = {isa = PBXBuildFile; productRef = D4C69B852B04CF3100CEDC82 /* FirebaseInstallations */; };
		D4C69B882B04CF3100CEDC82 /* FirebaseMessaging in Frameworks */ = {isa = PBXBuildFile; productRef = D4C69B872B04CF3100CEDC82 /* FirebaseMessaging */; };
		D4C69B8A2B04CF3100CEDC82 /* FirebasePerformance in Frameworks */ = {isa = PBXBuildFile; productRef = D4C69B892B04CF3100CEDC82 /* FirebasePerformance */; };
		D4C69B8C2B04CF3100CEDC82 /* FirebaseRemoteConfig in Frameworks */ = {isa = PBXBuildFile; productRef = D4C69B8B2B04CF3100CEDC82 /* FirebaseRemoteConfig */; };
		D4C69B8E2B04CF3100CEDC82 /* FirebaseRemoteConfigSwift in Frameworks */ = {isa = PBXBuildFile; productRef = D4C69B8D2B04CF3100CEDC82 /* FirebaseRemoteConfigSwift */; };
		D4C69B902B04CF3100CEDC82 /* FirebaseStorage in Frameworks */ = {isa = PBXBuildFile; productRef = D4C69B8F2B04CF3100CEDC82 /* FirebaseStorage */; };
		D4C69B922B04CF3100CEDC82 /* FirebaseStorageCombine-Community in Frameworks */ = {isa = PBXBuildFile; productRef = D4C69B912B04CF3100CEDC82 /* FirebaseStorageCombine-Community */; };
		D4E7D6702B29C4BF000B7842 /* GoogleService-Info.plist in Resources */ = {isa = PBXBuildFile; fileRef = D4E7D66F2B29C4BF000B7842 /* GoogleService-Info.plist */; };
		D4F21D152AF9FB2A000C73CE /* User.swift in Sources */ = {isa = PBXBuildFile; fileRef = D4F21D142AF9FB2A000C73CE /* User.swift */; };
		D4F21D192AFBF39A000C73CE /* CardViewModel.swift in Sources */ = {isa = PBXBuildFile; fileRef = D4F21D182AFBF39A000C73CE /* CardViewModel.swift */; };
		D4F21D1D2AFCAEF7000C73CE /* Advertiser.swift in Sources */ = {isa = PBXBuildFile; fileRef = D4F21D1C2AFCAEF7000C73CE /* Advertiser.swift */; };
/* End PBXBuildFile section */

/* Begin PBXFileReference section */
		D4181DB32AF4D07800865090 /* AppDelegate.swift */ = {isa = PBXFileReference; lastKnownFileType = sourcecode.swift; path = AppDelegate.swift; sourceTree = "<group>"; };
		D4181DB52AF4D07800865090 /* SceneDelegate.swift */ = {isa = PBXFileReference; lastKnownFileType = sourcecode.swift; path = SceneDelegate.swift; sourceTree = "<group>"; };
		D4181DB72AF4D07800865090 /* HomeController.swift */ = {isa = PBXFileReference; lastKnownFileType = sourcecode.swift; path = HomeController.swift; sourceTree = "<group>"; };
		D4181DBA2AF4D07800865090 /* Base */ = {isa = PBXFileReference; lastKnownFileType = file.storyboard; name = Base; path = Base.lproj/Main.storyboard; sourceTree = "<group>"; };
		D4181DBC2AF4D07A00865090 /* Assets.xcassets */ = {isa = PBXFileReference; lastKnownFileType = folder.assetcatalog; path = Assets.xcassets; sourceTree = "<group>"; };
		D4181DBF2AF4D07A00865090 /* Base */ = {isa = PBXFileReference; lastKnownFileType = file.storyboard; name = Base; path = Base.lproj/LaunchScreen.storyboard; sourceTree = "<group>"; };
		D4181DC12AF4D07A00865090 /* Info.plist */ = {isa = PBXFileReference; lastKnownFileType = text.plist.xml; path = Info.plist; sourceTree = "<group>"; };
		D4181DC82AF4D55000865090 /* Extension+UIView.swift */ = {isa = PBXFileReference; lastKnownFileType = sourcecode.swift; path = "Extension+UIView.swift"; sourceTree = "<group>"; };
		D4181DCB2AF81EC100865090 /* HomeButtonControlsStackView.swift */ = {isa = PBXFileReference; lastKnownFileType = sourcecode.swift; path = HomeButtonControlsStackView.swift; sourceTree = "<group>"; };
		D4181DCD2AF828A000865090 /* TopNavigationStackView.swift */ = {isa = PBXFileReference; lastKnownFileType = sourcecode.swift; path = TopNavigationStackView.swift; sourceTree = "<group>"; };
		D4181DCF2AF8374A00865090 /* CardView.swift */ = {isa = PBXFileReference; lastKnownFileType = sourcecode.swift; path = CardView.swift; sourceTree = "<group>"; };
		D4818AB32AFE09A7003100ED /* RegistrationController.swift */ = {isa = PBXFileReference; lastKnownFileType = sourcecode.swift; path = RegistrationController.swift; sourceTree = "<group>"; };
		D4818AB52AFE159F003100ED /* CustomTextField.swift */ = {isa = PBXFileReference; lastKnownFileType = sourcecode.swift; path = CustomTextField.swift; sourceTree = "<group>"; };
		D4818AB82B029206003100ED /* RegistrationViewModel.swift */ = {isa = PBXFileReference; lastKnownFileType = sourcecode.swift; path = RegistrationViewModel.swift; sourceTree = "<group>"; };
		D48593102B083DA900CF5D4E /* SettingsController.swift */ = {isa = PBXFileReference; lastKnownFileType = sourcecode.swift; path = SettingsController.swift; sourceTree = "<group>"; };
		D48593122B08662200CF5D4E /* SettingsCell.swift */ = {isa = PBXFileReference; lastKnownFileType = sourcecode.swift; path = SettingsCell.swift; sourceTree = "<group>"; };
		D485931A2B0C325200CF5D4E /* AgeRangeCell.swift */ = {isa = PBXFileReference; lastKnownFileType = sourcecode.swift; path = AgeRangeCell.swift; sourceTree = "<group>"; };
		D485931D2B0C9C5500CF5D4E /* LoginController.swift */ = {isa = PBXFileReference; lastKnownFileType = sourcecode.swift; path = LoginController.swift; sourceTree = "<group>"; };
		D485931F2B0C9C6400CF5D4E /* LoginViewModel.swift */ = {isa = PBXFileReference; lastKnownFileType = sourcecode.swift; path = LoginViewModel.swift; sourceTree = "<group>"; };
		D48593242B0F8EC600CF5D4E /* UserDetailsController.swift */ = {isa = PBXFileReference; lastKnownFileType = sourcecode.swift; path = UserDetailsController.swift; sourceTree = "<group>"; };
		D4AA9DC42B1B2B45008ECCD0 /* SwipingPhotoViewController.swift */ = {isa = PBXFileReference; lastKnownFileType = sourcecode.swift; path = SwipingPhotoViewController.swift; sourceTree = "<group>"; };
		D4B8B80F2B065D410058BAD1 /* SwipeMatch.app */ = {isa = PBXFileReference; explicitFileType = wrapper.application; includeInIndex = 0; path = SwipeMatch.app; sourceTree = BUILT_PRODUCTS_DIR; };
		D4C69B532B0480BE00CEDC82 /* Bindable.swift */ = {isa = PBXFileReference; lastKnownFileType = sourcecode.swift; path = Bindable.swift; sourceTree = "<group>"; };
		D4E7D66F2B29C4BF000B7842 /* GoogleService-Info.plist */ = {isa = PBXFileReference; fileEncoding = 4; lastKnownFileType = text.plist.xml; name = "GoogleService-Info.plist"; path = "../../../../../../Downloads/GoogleService-Info.plist"; sourceTree = "<group>"; };
		D4F21D142AF9FB2A000C73CE /* User.swift */ = {isa = PBXFileReference; lastKnownFileType = sourcecode.swift; path = User.swift; sourceTree = "<group>"; };
		D4F21D182AFBF39A000C73CE /* CardViewModel.swift */ = {isa = PBXFileReference; lastKnownFileType = sourcecode.swift; path = CardViewModel.swift; sourceTree = "<group>"; };
		D4F21D1C2AFCAEF7000C73CE /* Advertiser.swift */ = {isa = PBXFileReference; lastKnownFileType = sourcecode.swift; path = Advertiser.swift; sourceTree = "<group>"; };
/* End PBXFileReference section */

/* Begin PBXFrameworksBuildPhase section */
		D4181DAD2AF4D07800865090 /* Frameworks */ = {
			isa = PBXFrameworksBuildPhase;
			buildActionMask = 2147483647;
			files = (
				D4C69B882B04CF3100CEDC82 /* FirebaseMessaging in Frameworks */,
				D4C69B842B04CF3100CEDC82 /* FirebaseInAppMessagingSwift-Beta in Frameworks */,
				D4C69B742B04CF3100CEDC82 /* FirebaseDatabaseSwift in Frameworks */,
				D4C69B722B04CF3100CEDC82 /* FirebaseDatabase in Frameworks */,
				D4C69B802B04CF3100CEDC82 /* FirebaseFunctionsCombine-Community in Frameworks */,
				D4C69B862B04CF3100CEDC82 /* FirebaseInstallations in Frameworks */,
				D4C69B6C2B04CF3100CEDC82 /* FirebaseAuth in Frameworks */,
				D4C69B642B04CF3100CEDC82 /* FirebaseAnalyticsSwift in Frameworks */,
				D4C69B782B04CF3100CEDC82 /* FirebaseFirestore in Frameworks */,
				D4C69B5B2B04CB7400CEDC82 /* SDWebImage in Frameworks */,
				D4C69B822B04CF3100CEDC82 /* FirebaseInAppMessaging-Beta in Frameworks */,
				D4C69B5D2B04CB7400CEDC82 /* SDWebImageMapKit in Frameworks */,
				D4C69B622B04CF3100CEDC82 /* FirebaseAnalyticsOnDeviceConversion in Frameworks */,
				D4C69B6E2B04CF3100CEDC82 /* FirebaseAuthCombine-Community in Frameworks */,
				D4C69B7E2B04CF3100CEDC82 /* FirebaseFunctions in Frameworks */,
				D4C69B662B04CF3100CEDC82 /* FirebaseAnalyticsWithoutAdIdSupport in Frameworks */,
				D4C69B8A2B04CF3100CEDC82 /* FirebasePerformance in Frameworks */,
				D4C69B7A2B04CF3100CEDC82 /* FirebaseFirestoreCombine-Community in Frameworks */,
				D4C69B602B04CF3100CEDC82 /* FirebaseAnalytics in Frameworks */,
				D4C69B702B04CF3100CEDC82 /* FirebaseCrashlytics in Frameworks */,
				D4C69B8E2B04CF3100CEDC82 /* FirebaseRemoteConfigSwift in Frameworks */,
				D4C69B572B04CAFA00CEDC82 /* JGProgressHUD in Frameworks */,
				D4C69B6A2B04CF3100CEDC82 /* FirebaseAppDistribution-Beta in Frameworks */,
				D4C69B8C2B04CF3100CEDC82 /* FirebaseRemoteConfig in Frameworks */,
				D4C69B902B04CF3100CEDC82 /* FirebaseStorage in Frameworks */,
				D4C69B762B04CF3100CEDC82 /* FirebaseDynamicLinks in Frameworks */,
				D4C69B922B04CF3100CEDC82 /* FirebaseStorageCombine-Community in Frameworks */,
				D4C69B7C2B04CF3100CEDC82 /* FirebaseFirestoreSwift in Frameworks */,
			);
			runOnlyForDeploymentPostprocessing = 0;
		};
/* End PBXFrameworksBuildPhase section */

/* Begin PBXGroup section */
		D4181DA72AF4D07800865090 = {
			isa = PBXGroup;
			children = (
				D4181DB22AF4D07800865090 /* SwipeMatch */,
				D4B8B80F2B065D410058BAD1 /* SwipeMatch.app */,
			);
			sourceTree = "<group>";
		};
		D4181DB22AF4D07800865090 /* SwipeMatch */ = {
			isa = PBXGroup;
			children = (
				D4F21D162AFBF2F0000C73CE /* Controllers */,
				D4F21D132AF9FB1A000C73CE /* Model */,
				D4181DCA2AF81E8200865090 /* Views */,
				D4F21D172AFBF38B000C73CE /* ViewModels */,
				D4181DC72AF4D54000865090 /* Extension */,
				D4181DB32AF4D07800865090 /* AppDelegate.swift */,
				D4181DB52AF4D07800865090 /* SceneDelegate.swift */,
				D4E7D66F2B29C4BF000B7842 /* GoogleService-Info.plist */,
				D4181DB92AF4D07800865090 /* Main.storyboard */,
				D4181DBC2AF4D07A00865090 /* Assets.xcassets */,
				D4181DBE2AF4D07A00865090 /* LaunchScreen.storyboard */,
				D4181DC12AF4D07A00865090 /* Info.plist */,
			);
			path = SwipeMatch;
			sourceTree = "<group>";
		};
		D4181DC72AF4D54000865090 /* Extension */ = {
			isa = PBXGroup;
			children = (
				D4181DC82AF4D55000865090 /* Extension+UIView.swift */,
			);
			path = Extension;
			sourceTree = "<group>";
		};
		D4181DCA2AF81E8200865090 /* Views */ = {
			isa = PBXGroup;
			children = (
				D4181DCB2AF81EC100865090 /* HomeButtonControlsStackView.swift */,
				D4181DCD2AF828A000865090 /* TopNavigationStackView.swift */,
				D4181DCF2AF8374A00865090 /* CardView.swift */,
				D4818AB52AFE159F003100ED /* CustomTextField.swift */,
				D48593122B08662200CF5D4E /* SettingsCell.swift */,
				D485931A2B0C325200CF5D4E /* AgeRangeCell.swift */,
			);
			path = Views;
			sourceTree = "<group>";
		};
		D485931C2B0C9C4600CF5D4E /* Login */ = {
			isa = PBXGroup;
			children = (
				D485931D2B0C9C5500CF5D4E /* LoginController.swift */,
				D485931F2B0C9C6400CF5D4E /* LoginViewModel.swift */,
			);
			path = Login;
			sourceTree = "<group>";
		};
		D48593232B0F8EB800CF5D4E /* User Details */ = {
			isa = PBXGroup;
			children = (
				D48593242B0F8EC600CF5D4E /* UserDetailsController.swift */,
				D4AA9DC42B1B2B45008ECCD0 /* SwipingPhotoViewController.swift */,
			);
			path = "User Details";
			sourceTree = "<group>";
		};
		D4F21D132AF9FB1A000C73CE /* Model */ = {
			isa = PBXGroup;
			children = (
				D4F21D142AF9FB2A000C73CE /* User.swift */,
				D4F21D1C2AFCAEF7000C73CE /* Advertiser.swift */,
			);
			path = Model;
			sourceTree = "<group>";
		};
		D4F21D162AFBF2F0000C73CE /* Controllers */ = {
			isa = PBXGroup;
			children = (
				D48593232B0F8EB800CF5D4E /* User Details */,
				D485931C2B0C9C4600CF5D4E /* Login */,
				D4181DB72AF4D07800865090 /* HomeController.swift */,
				D4818AB32AFE09A7003100ED /* RegistrationController.swift */,
				D4C69B532B0480BE00CEDC82 /* Bindable.swift */,
				D48593102B083DA900CF5D4E /* SettingsController.swift */,
			);
			path = Controllers;
			sourceTree = "<group>";
		};
		D4F21D172AFBF38B000C73CE /* ViewModels */ = {
			isa = PBXGroup;
			children = (
				D4818AB82B029206003100ED /* RegistrationViewModel.swift */,
				D4F21D182AFBF39A000C73CE /* CardViewModel.swift */,
			);
			path = ViewModels;
			sourceTree = "<group>";
		};
/* End PBXGroup section */

/* Begin PBXNativeTarget section */
		D4181DAF2AF4D07800865090 /* SwipeMatch */ = {
			isa = PBXNativeTarget;
			buildConfigurationList = D4181DC42AF4D07A00865090 /* Build configuration list for PBXNativeTarget "SwipeMatch" */;
			buildPhases = (
				D4181DAC2AF4D07800865090 /* Sources */,
				D4181DAD2AF4D07800865090 /* Frameworks */,
				D4181DAE2AF4D07800865090 /* Resources */,
			);
			buildRules = (
			);
			dependencies = (
			);
			name = SwipeMatch;
			packageProductDependencies = (
				D4C69B562B04CAFA00CEDC82 /* JGProgressHUD */,
				D4C69B5A2B04CB7400CEDC82 /* SDWebImage */,
				D4C69B5C2B04CB7400CEDC82 /* SDWebImageMapKit */,
				D4C69B5F2B04CF3100CEDC82 /* FirebaseAnalytics */,
				D4C69B612B04CF3100CEDC82 /* FirebaseAnalyticsOnDeviceConversion */,
				D4C69B632B04CF3100CEDC82 /* FirebaseAnalyticsSwift */,
				D4C69B652B04CF3100CEDC82 /* FirebaseAnalyticsWithoutAdIdSupport */,
				D4C69B692B04CF3100CEDC82 /* FirebaseAppDistribution-Beta */,
				D4C69B6B2B04CF3100CEDC82 /* FirebaseAuth */,
				D4C69B6D2B04CF3100CEDC82 /* FirebaseAuthCombine-Community */,
				D4C69B6F2B04CF3100CEDC82 /* FirebaseCrashlytics */,
				D4C69B712B04CF3100CEDC82 /* FirebaseDatabase */,
				D4C69B732B04CF3100CEDC82 /* FirebaseDatabaseSwift */,
				D4C69B752B04CF3100CEDC82 /* FirebaseDynamicLinks */,
				D4C69B772B04CF3100CEDC82 /* FirebaseFirestore */,
				D4C69B792B04CF3100CEDC82 /* FirebaseFirestoreCombine-Community */,
				D4C69B7B2B04CF3100CEDC82 /* FirebaseFirestoreSwift */,
				D4C69B7D2B04CF3100CEDC82 /* FirebaseFunctions */,
				D4C69B7F2B04CF3100CEDC82 /* FirebaseFunctionsCombine-Community */,
				D4C69B812B04CF3100CEDC82 /* FirebaseInAppMessaging-Beta */,
				D4C69B832B04CF3100CEDC82 /* FirebaseInAppMessagingSwift-Beta */,
				D4C69B852B04CF3100CEDC82 /* FirebaseInstallations */,
				D4C69B872B04CF3100CEDC82 /* FirebaseMessaging */,
				D4C69B892B04CF3100CEDC82 /* FirebasePerformance */,
				D4C69B8B2B04CF3100CEDC82 /* FirebaseRemoteConfig */,
				D4C69B8D2B04CF3100CEDC82 /* FirebaseRemoteConfigSwift */,
				D4C69B8F2B04CF3100CEDC82 /* FirebaseStorage */,
				D4C69B912B04CF3100CEDC82 /* FirebaseStorageCombine-Community */,
			);
			productName = SwipeMatch;
			productReference = D4B8B80F2B065D410058BAD1 /* SwipeMatch.app */;
			productType = "com.apple.product-type.application";
		};
/* End PBXNativeTarget section */

/* Begin PBXProject section */
		D4181DA82AF4D07800865090 /* Project object */ = {
			isa = PBXProject;
			attributes = {
				BuildIndependentTargetsInParallel = 1;
				LastSwiftUpdateCheck = 1420;
				LastUpgradeCheck = 1420;
				TargetAttributes = {
					D4181DAF2AF4D07800865090 = {
						CreatedOnToolsVersion = 14.2;
					};
				};
			};
			buildConfigurationList = D4181DAB2AF4D07800865090 /* Build configuration list for PBXProject "SwipeMatch" */;
			compatibilityVersion = "Xcode 14.0";
			developmentRegion = en;
			hasScannedForEncodings = 0;
			knownRegions = (
				en,
				Base,
			);
			mainGroup = D4181DA72AF4D07800865090;
			packageReferences = (
				D4C69B552B04CAFA00CEDC82 /* XCRemoteSwiftPackageReference "JGProgressHUD" */,
				D4C69B592B04CB7400CEDC82 /* XCRemoteSwiftPackageReference "SDWebImage" */,
				D4C69B5E2B04CF3100CEDC82 /* XCRemoteSwiftPackageReference "firebase-ios-sdk" */,
			);
			productRefGroup = D4181DA72AF4D07800865090;
			projectDirPath = "";
			projectRoot = "";
			targets = (
				D4181DAF2AF4D07800865090 /* SwipeMatch */,
			);
		};
/* End PBXProject section */

/* Begin PBXResourcesBuildPhase section */
		D4181DAE2AF4D07800865090 /* Resources */ = {
			isa = PBXResourcesBuildPhase;
			buildActionMask = 2147483647;
			files = (
				D4181DC02AF4D07A00865090 /* LaunchScreen.storyboard in Resources */,
				D4E7D6702B29C4BF000B7842 /* GoogleService-Info.plist in Resources */,
				D4181DBD2AF4D07A00865090 /* Assets.xcassets in Resources */,
				D4181DBB2AF4D07800865090 /* Main.storyboard in Resources */,
			);
			runOnlyForDeploymentPostprocessing = 0;
		};
/* End PBXResourcesBuildPhase section */

/* Begin PBXSourcesBuildPhase section */
		D4181DAC2AF4D07800865090 /* Sources */ = {
			isa = PBXSourcesBuildPhase;
			buildActionMask = 2147483647;
			files = (
				D4F21D1D2AFCAEF7000C73CE /* Advertiser.swift in Sources */,
				D4181DD02AF8374A00865090 /* CardView.swift in Sources */,
				D4181DB82AF4D07800865090 /* HomeController.swift in Sources */,
				D4181DB42AF4D07800865090 /* AppDelegate.swift in Sources */,
				D4181DC92AF4D55000865090 /* Extension+UIView.swift in Sources */,
				D485931B2B0C325200CF5D4E /* AgeRangeCell.swift in Sources */,
				D4F21D152AF9FB2A000C73CE /* User.swift in Sources */,
				D48593252B0F8EC600CF5D4E /* UserDetailsController.swift in Sources */,
				D4818AB42AFE09A7003100ED /* RegistrationController.swift in Sources */,
				D4181DCE2AF828A000865090 /* TopNavigationStackView.swift in Sources */,
				D4C69B542B0480BE00CEDC82 /* Bindable.swift in Sources */,
				D4818AB62AFE159F003100ED /* CustomTextField.swift in Sources */,
				D4818AB92B029206003100ED /* RegistrationViewModel.swift in Sources */,
				D48593112B083DA900CF5D4E /* SettingsController.swift in Sources */,
				D485931E2B0C9C5500CF5D4E /* LoginController.swift in Sources */,
				D4181DB62AF4D07800865090 /* SceneDelegate.swift in Sources */,
				D4181DCC2AF81EC100865090 /* HomeButtonControlsStackView.swift in Sources */,
				D48593132B08662200CF5D4E /* SettingsCell.swift in Sources */,
				D48593202B0C9C6400CF5D4E /* LoginViewModel.swift in Sources */,
				D4AA9DC52B1B2B46008ECCD0 /* SwipingPhotoViewController.swift in Sources */,
				D4F21D192AFBF39A000C73CE /* CardViewModel.swift in Sources */,
			);
			runOnlyForDeploymentPostprocessing = 0;
		};
/* End PBXSourcesBuildPhase section */

/* Begin PBXVariantGroup section */
		D4181DB92AF4D07800865090 /* Main.storyboard */ = {
			isa = PBXVariantGroup;
			children = (
				D4181DBA2AF4D07800865090 /* Base */,
			);
			name = Main.storyboard;
			sourceTree = "<group>";
		};
		D4181DBE2AF4D07A00865090 /* LaunchScreen.storyboard */ = {
			isa = PBXVariantGroup;
			children = (
				D4181DBF2AF4D07A00865090 /* Base */,
			);
			name = LaunchScreen.storyboard;
			sourceTree = "<group>";
		};
/* End PBXVariantGroup section */

/* Begin XCBuildConfiguration section */
		D4181DC22AF4D07A00865090 /* Debug */ = {
			isa = XCBuildConfiguration;
			buildSettings = {
				ALWAYS_SEARCH_USER_PATHS = NO;
				CLANG_ANALYZER_NONNULL = YES;
				CLANG_ANALYZER_NUMBER_OBJECT_CONVERSION = YES_AGGRESSIVE;
				CLANG_CXX_LANGUAGE_STANDARD = "gnu++20";
				CLANG_ENABLE_MODULES = YES;
				CLANG_ENABLE_OBJC_ARC = YES;
				CLANG_ENABLE_OBJC_WEAK = YES;
				CLANG_WARN_BLOCK_CAPTURE_AUTORELEASING = YES;
				CLANG_WARN_BOOL_CONVERSION = YES;
				CLANG_WARN_COMMA = YES;
				CLANG_WARN_CONSTANT_CONVERSION = YES;
				CLANG_WARN_DEPRECATED_OBJC_IMPLEMENTATIONS = YES;
				CLANG_WARN_DIRECT_OBJC_ISA_USAGE = YES_ERROR;
				CLANG_WARN_DOCUMENTATION_COMMENTS = YES;
				CLANG_WARN_EMPTY_BODY = YES;
				CLANG_WARN_ENUM_CONVERSION = YES;
				CLANG_WARN_INFINITE_RECURSION = YES;
				CLANG_WARN_INT_CONVERSION = YES;
				CLANG_WARN_NON_LITERAL_NULL_CONVERSION = YES;
				CLANG_WARN_OBJC_IMPLICIT_RETAIN_SELF = YES;
				CLANG_WARN_OBJC_LITERAL_CONVERSION = YES;
				CLANG_WARN_OBJC_ROOT_CLASS = YES_ERROR;
				CLANG_WARN_QUOTED_INCLUDE_IN_FRAMEWORK_HEADER = YES;
				CLANG_WARN_RANGE_LOOP_ANALYSIS = YES;
				CLANG_WARN_STRICT_PROTOTYPES = YES;
				CLANG_WARN_SUSPICIOUS_MOVE = YES;
				CLANG_WARN_UNGUARDED_AVAILABILITY = YES_AGGRESSIVE;
				CLANG_WARN_UNREACHABLE_CODE = YES;
				CLANG_WARN__DUPLICATE_METHOD_MATCH = YES;
				COPY_PHASE_STRIP = NO;
				DEBUG_INFORMATION_FORMAT = dwarf;
				ENABLE_STRICT_OBJC_MSGSEND = YES;
				ENABLE_TESTABILITY = YES;
				GCC_C_LANGUAGE_STANDARD = gnu11;
				GCC_DYNAMIC_NO_PIC = NO;
				GCC_NO_COMMON_BLOCKS = YES;
				GCC_OPTIMIZATION_LEVEL = 0;
				GCC_PREPROCESSOR_DEFINITIONS = (
					"DEBUG=1",
					"$(inherited)",
				);
				GCC_WARN_64_TO_32_BIT_CONVERSION = YES;
				GCC_WARN_ABOUT_RETURN_TYPE = YES_ERROR;
				GCC_WARN_UNDECLARED_SELECTOR = YES;
				GCC_WARN_UNINITIALIZED_AUTOS = YES_AGGRESSIVE;
				GCC_WARN_UNUSED_FUNCTION = YES;
				GCC_WARN_UNUSED_VARIABLE = YES;
				IPHONEOS_DEPLOYMENT_TARGET = 16.2;
				MTL_ENABLE_DEBUG_INFO = INCLUDE_SOURCE;
				MTL_FAST_MATH = YES;
				ONLY_ACTIVE_ARCH = YES;
				SDKROOT = iphoneos;
				SWIFT_ACTIVE_COMPILATION_CONDITIONS = DEBUG;
				SWIFT_OPTIMIZATION_LEVEL = "-Onone";
			};
			name = Debug;
		};
		D4181DC32AF4D07A00865090 /* Release */ = {
			isa = XCBuildConfiguration;
			buildSettings = {
				ALWAYS_SEARCH_USER_PATHS = NO;
				CLANG_ANALYZER_NONNULL = YES;
				CLANG_ANALYZER_NUMBER_OBJECT_CONVERSION = YES_AGGRESSIVE;
				CLANG_CXX_LANGUAGE_STANDARD = "gnu++20";
				CLANG_ENABLE_MODULES = YES;
				CLANG_ENABLE_OBJC_ARC = YES;
				CLANG_ENABLE_OBJC_WEAK = YES;
				CLANG_WARN_BLOCK_CAPTURE_AUTORELEASING = YES;
				CLANG_WARN_BOOL_CONVERSION = YES;
				CLANG_WARN_COMMA = YES;
				CLANG_WARN_CONSTANT_CONVERSION = YES;
				CLANG_WARN_DEPRECATED_OBJC_IMPLEMENTATIONS = YES;
				CLANG_WARN_DIRECT_OBJC_ISA_USAGE = YES_ERROR;
				CLANG_WARN_DOCUMENTATION_COMMENTS = YES;
				CLANG_WARN_EMPTY_BODY = YES;
				CLANG_WARN_ENUM_CONVERSION = YES;
				CLANG_WARN_INFINITE_RECURSION = YES;
				CLANG_WARN_INT_CONVERSION = YES;
				CLANG_WARN_NON_LITERAL_NULL_CONVERSION = YES;
				CLANG_WARN_OBJC_IMPLICIT_RETAIN_SELF = YES;
				CLANG_WARN_OBJC_LITERAL_CONVERSION = YES;
				CLANG_WARN_OBJC_ROOT_CLASS = YES_ERROR;
				CLANG_WARN_QUOTED_INCLUDE_IN_FRAMEWORK_HEADER = YES;
				CLANG_WARN_RANGE_LOOP_ANALYSIS = YES;
				CLANG_WARN_STRICT_PROTOTYPES = YES;
				CLANG_WARN_SUSPICIOUS_MOVE = YES;
				CLANG_WARN_UNGUARDED_AVAILABILITY = YES_AGGRESSIVE;
				CLANG_WARN_UNREACHABLE_CODE = YES;
				CLANG_WARN__DUPLICATE_METHOD_MATCH = YES;
				COPY_PHASE_STRIP = NO;
				DEBUG_INFORMATION_FORMAT = "dwarf-with-dsym";
				ENABLE_NS_ASSERTIONS = NO;
				ENABLE_STRICT_OBJC_MSGSEND = YES;
				GCC_C_LANGUAGE_STANDARD = gnu11;
				GCC_NO_COMMON_BLOCKS = YES;
				GCC_WARN_64_TO_32_BIT_CONVERSION = YES;
				GCC_WARN_ABOUT_RETURN_TYPE = YES_ERROR;
				GCC_WARN_UNDECLARED_SELECTOR = YES;
				GCC_WARN_UNINITIALIZED_AUTOS = YES_AGGRESSIVE;
				GCC_WARN_UNUSED_FUNCTION = YES;
				GCC_WARN_UNUSED_VARIABLE = YES;
				IPHONEOS_DEPLOYMENT_TARGET = 16.2;
				MTL_ENABLE_DEBUG_INFO = NO;
				MTL_FAST_MATH = YES;
				SDKROOT = iphoneos;
				SWIFT_COMPILATION_MODE = wholemodule;
				SWIFT_OPTIMIZATION_LEVEL = "-O";
				VALIDATE_PRODUCT = YES;
			};
			name = Release;
		};
		D4181DC52AF4D07A00865090 /* Debug */ = {
			isa = XCBuildConfiguration;
			buildSettings = {
				ASSETCATALOG_COMPILER_APPICON_NAME = AppIcon;
				ASSETCATALOG_COMPILER_GLOBAL_ACCENT_COLOR_NAME = AccentColor;
				ASSETCATALOG_COMPILER_INCLUDE_ALL_APPICON_ASSETS = YES;
				CODE_SIGN_STYLE = Automatic;
				CURRENT_PROJECT_VERSION = 1;
				DEVELOPMENT_TEAM = HFG85UBJFK;
				GENERATE_INFOPLIST_FILE = YES;
				INFOPLIST_FILE = SwipeMatch/Info.plist;
				INFOPLIST_KEY_UIApplicationSupportsIndirectInputEvents = YES;
				INFOPLIST_KEY_UILaunchStoryboardName = LaunchScreen;
				INFOPLIST_KEY_UIMainStoryboardFile = Main;
				INFOPLIST_KEY_UIStatusBarStyle = "";
				INFOPLIST_KEY_UISupportedInterfaceOrientations = UIInterfaceOrientationPortrait;
				INFOPLIST_KEY_UISupportedInterfaceOrientations_iPad = "UIInterfaceOrientationLandscapeLeft UIInterfaceOrientationLandscapeRight UIInterfaceOrientationPortrait UIInterfaceOrientationPortraitUpsideDown";
				IPHONEOS_DEPLOYMENT_TARGET = 15.0;
				LD_RUNPATH_SEARCH_PATHS = (
					"$(inherited)",
					"@executable_path/Frameworks",
				);
				MARKETING_VERSION = 1.0;
				PRODUCT_BUNDLE_IDENTIFIER = com.vietphuongdo.SwipeMatch;
				PRODUCT_NAME = "$(TARGET_NAME)";
				SUPPORTED_PLATFORMS = "iphoneos iphonesimulator";
				SUPPORTS_MACCATALYST = NO;
				SUPPORTS_MAC_DESIGNED_FOR_IPHONE_IPAD = NO;
				SWIFT_EMIT_LOC_STRINGS = YES;
				SWIFT_VERSION = 5.0;
				TARGETED_DEVICE_FAMILY = 1;
			};
			name = Debug;
		};
		D4181DC62AF4D07A00865090 /* Release */ = {
			isa = XCBuildConfiguration;
			buildSettings = {
				ASSETCATALOG_COMPILER_APPICON_NAME = AppIcon;
				ASSETCATALOG_COMPILER_GLOBAL_ACCENT_COLOR_NAME = AccentColor;
				ASSETCATALOG_COMPILER_INCLUDE_ALL_APPICON_ASSETS = YES;
				CODE_SIGN_STYLE = Automatic;
				CURRENT_PROJECT_VERSION = 1;
				DEVELOPMENT_TEAM = HFG85UBJFK;
				GENERATE_INFOPLIST_FILE = YES;
				INFOPLIST_FILE = SwipeMatch/Info.plist;
				INFOPLIST_KEY_UIApplicationSupportsIndirectInputEvents = YES;
				INFOPLIST_KEY_UILaunchStoryboardName = LaunchScreen;
				INFOPLIST_KEY_UIMainStoryboardFile = Main;
				INFOPLIST_KEY_UIStatusBarStyle = "";
				INFOPLIST_KEY_UISupportedInterfaceOrientations = UIInterfaceOrientationPortrait;
				INFOPLIST_KEY_UISupportedInterfaceOrientations_iPad = "UIInterfaceOrientationLandscapeLeft UIInterfaceOrientationLandscapeRight UIInterfaceOrientationPortrait UIInterfaceOrientationPortraitUpsideDown";
				IPHONEOS_DEPLOYMENT_TARGET = 15.0;
				LD_RUNPATH_SEARCH_PATHS = (
					"$(inherited)",
					"@executable_path/Frameworks",
				);
				MARKETING_VERSION = 1.0;
				PRODUCT_BUNDLE_IDENTIFIER = com.vietphuongdo.SwipeMatch;
				PRODUCT_NAME = "$(TARGET_NAME)";
				SUPPORTED_PLATFORMS = "iphoneos iphonesimulator";
				SUPPORTS_MACCATALYST = NO;
				SUPPORTS_MAC_DESIGNED_FOR_IPHONE_IPAD = NO;
				SWIFT_EMIT_LOC_STRINGS = YES;
				SWIFT_VERSION = 5.0;
				TARGETED_DEVICE_FAMILY = 1;
			};
			name = Release;
		};
/* End XCBuildConfiguration section */

/* Begin XCConfigurationList section */
		D4181DAB2AF4D07800865090 /* Build configuration list for PBXProject "SwipeMatch" */ = {
			isa = XCConfigurationList;
			buildConfigurations = (
				D4181DC22AF4D07A00865090 /* Debug */,
				D4181DC32AF4D07A00865090 /* Release */,
			);
			defaultConfigurationIsVisible = 0;
			defaultConfigurationName = Release;
		};
		D4181DC42AF4D07A00865090 /* Build configuration list for PBXNativeTarget "SwipeMatch" */ = {
			isa = XCConfigurationList;
			buildConfigurations = (
				D4181DC52AF4D07A00865090 /* Debug */,
				D4181DC62AF4D07A00865090 /* Release */,
			);
			defaultConfigurationIsVisible = 0;
			defaultConfigurationName = Release;
		};
/* End XCConfigurationList section */

/* Begin XCRemoteSwiftPackageReference section */
		D4C69B552B04CAFA00CEDC82 /* XCRemoteSwiftPackageReference "JGProgressHUD" */ = {
			isa = XCRemoteSwiftPackageReference;
			repositoryURL = "https://github.com/JonasGessner/JGProgressHUD.git";
			requirement = {
				kind = upToNextMajorVersion;
				minimumVersion = 2.0.0;
			};
		};
		D4C69B592B04CB7400CEDC82 /* XCRemoteSwiftPackageReference "SDWebImage" */ = {
			isa = XCRemoteSwiftPackageReference;
			repositoryURL = "https://github.com/SDWebImage/SDWebImage.git";
			requirement = {
				branch = master;
				kind = branch;
			};
		};
		D4C69B5E2B04CF3100CEDC82 /* XCRemoteSwiftPackageReference "firebase-ios-sdk" */ = {
			isa = XCRemoteSwiftPackageReference;
			repositoryURL = "https://github.com/firebase/firebase-ios-sdk.git";
			requirement = {
				branch = master;
				kind = branch;
			};
		};
/* End XCRemoteSwiftPackageReference section */

/* Begin XCSwiftPackageProductDependency section */
		D4C69B562B04CAFA00CEDC82 /* JGProgressHUD */ = {
			isa = XCSwiftPackageProductDependency;
			package = D4C69B552B04CAFA00CEDC82 /* XCRemoteSwiftPackageReference "JGProgressHUD" */;
			productName = JGProgressHUD;
		};
		D4C69B5A2B04CB7400CEDC82 /* SDWebImage */ = {
			isa = XCSwiftPackageProductDependency;
			package = D4C69B592B04CB7400CEDC82 /* XCRemoteSwiftPackageReference "SDWebImage" */;
			productName = SDWebImage;
		};
		D4C69B5C2B04CB7400CEDC82 /* SDWebImageMapKit */ = {
			isa = XCSwiftPackageProductDependency;
			package = D4C69B592B04CB7400CEDC82 /* XCRemoteSwiftPackageReference "SDWebImage" */;
			productName = SDWebImageMapKit;
		};
		D4C69B5F2B04CF3100CEDC82 /* FirebaseAnalytics */ = {
			isa = XCSwiftPackageProductDependency;
			package = D4C69B5E2B04CF3100CEDC82 /* XCRemoteSwiftPackageReference "firebase-ios-sdk" */;
			productName = FirebaseAnalytics;
		};
		D4C69B612B04CF3100CEDC82 /* FirebaseAnalyticsOnDeviceConversion */ = {
			isa = XCSwiftPackageProductDependency;
			package = D4C69B5E2B04CF3100CEDC82 /* XCRemoteSwiftPackageReference "firebase-ios-sdk" */;
			productName = FirebaseAnalyticsOnDeviceConversion;
		};
		D4C69B632B04CF3100CEDC82 /* FirebaseAnalyticsSwift */ = {
			isa = XCSwiftPackageProductDependency;
			package = D4C69B5E2B04CF3100CEDC82 /* XCRemoteSwiftPackageReference "firebase-ios-sdk" */;
			productName = FirebaseAnalyticsSwift;
		};
		D4C69B652B04CF3100CEDC82 /* FirebaseAnalyticsWithoutAdIdSupport */ = {
			isa = XCSwiftPackageProductDependency;
			package = D4C69B5E2B04CF3100CEDC82 /* XCRemoteSwiftPackageReference "firebase-ios-sdk" */;
			productName = FirebaseAnalyticsWithoutAdIdSupport;
		};
		D4C69B692B04CF3100CEDC82 /* FirebaseAppDistribution-Beta */ = {
			isa = XCSwiftPackageProductDependency;
			package = D4C69B5E2B04CF3100CEDC82 /* XCRemoteSwiftPackageReference "firebase-ios-sdk" */;
			productName = "FirebaseAppDistribution-Beta";
		};
		D4C69B6B2B04CF3100CEDC82 /* FirebaseAuth */ = {
			isa = XCSwiftPackageProductDependency;
			package = D4C69B5E2B04CF3100CEDC82 /* XCRemoteSwiftPackageReference "firebase-ios-sdk" */;
			productName = FirebaseAuth;
		};
		D4C69B6D2B04CF3100CEDC82 /* FirebaseAuthCombine-Community */ = {
			isa = XCSwiftPackageProductDependency;
			package = D4C69B5E2B04CF3100CEDC82 /* XCRemoteSwiftPackageReference "firebase-ios-sdk" */;
			productName = "FirebaseAuthCombine-Community";
		};
		D4C69B6F2B04CF3100CEDC82 /* FirebaseCrashlytics */ = {
			isa = XCSwiftPackageProductDependency;
			package = D4C69B5E2B04CF3100CEDC82 /* XCRemoteSwiftPackageReference "firebase-ios-sdk" */;
			productName = FirebaseCrashlytics;
		};
		D4C69B712B04CF3100CEDC82 /* FirebaseDatabase */ = {
			isa = XCSwiftPackageProductDependency;
			package = D4C69B5E2B04CF3100CEDC82 /* XCRemoteSwiftPackageReference "firebase-ios-sdk" */;
			productName = FirebaseDatabase;
		};
		D4C69B732B04CF3100CEDC82 /* FirebaseDatabaseSwift */ = {
			isa = XCSwiftPackageProductDependency;
			package = D4C69B5E2B04CF3100CEDC82 /* XCRemoteSwiftPackageReference "firebase-ios-sdk" */;
			productName = FirebaseDatabaseSwift;
		};
		D4C69B752B04CF3100CEDC82 /* FirebaseDynamicLinks */ = {
			isa = XCSwiftPackageProductDependency;
			package = D4C69B5E2B04CF3100CEDC82 /* XCRemoteSwiftPackageReference "firebase-ios-sdk" */;
			productName = FirebaseDynamicLinks;
		};
		D4C69B772B04CF3100CEDC82 /* FirebaseFirestore */ = {
			isa = XCSwiftPackageProductDependency;
			package = D4C69B5E2B04CF3100CEDC82 /* XCRemoteSwiftPackageReference "firebase-ios-sdk" */;
			productName = FirebaseFirestore;
		};
		D4C69B792B04CF3100CEDC82 /* FirebaseFirestoreCombine-Community */ = {
			isa = XCSwiftPackageProductDependency;
			package = D4C69B5E2B04CF3100CEDC82 /* XCRemoteSwiftPackageReference "firebase-ios-sdk" */;
			productName = "FirebaseFirestoreCombine-Community";
		};
		D4C69B7B2B04CF3100CEDC82 /* FirebaseFirestoreSwift */ = {
			isa = XCSwiftPackageProductDependency;
			package = D4C69B5E2B04CF3100CEDC82 /* XCRemoteSwiftPackageReference "firebase-ios-sdk" */;
			productName = FirebaseFirestoreSwift;
		};
		D4C69B7D2B04CF3100CEDC82 /* FirebaseFunctions */ = {
			isa = XCSwiftPackageProductDependency;
			package = D4C69B5E2B04CF3100CEDC82 /* XCRemoteSwiftPackageReference "firebase-ios-sdk" */;
			productName = FirebaseFunctions;
		};
		D4C69B7F2B04CF3100CEDC82 /* FirebaseFunctionsCombine-Community */ = {
			isa = XCSwiftPackageProductDependency;
			package = D4C69B5E2B04CF3100CEDC82 /* XCRemoteSwiftPackageReference "firebase-ios-sdk" */;
			productName = "FirebaseFunctionsCombine-Community";
		};
		D4C69B812B04CF3100CEDC82 /* FirebaseInAppMessaging-Beta */ = {
			isa = XCSwiftPackageProductDependency;
			package = D4C69B5E2B04CF3100CEDC82 /* XCRemoteSwiftPackageReference "firebase-ios-sdk" */;
			productName = "FirebaseInAppMessaging-Beta";
		};
		D4C69B832B04CF3100CEDC82 /* FirebaseInAppMessagingSwift-Beta */ = {
			isa = XCSwiftPackageProductDependency;
			package = D4C69B5E2B04CF3100CEDC82 /* XCRemoteSwiftPackageReference "firebase-ios-sdk" */;
			productName = "FirebaseInAppMessagingSwift-Beta";
		};
		D4C69B852B04CF3100CEDC82 /* FirebaseInstallations */ = {
			isa = XCSwiftPackageProductDependency;
			package = D4C69B5E2B04CF3100CEDC82 /* XCRemoteSwiftPackageReference "firebase-ios-sdk" */;
			productName = FirebaseInstallations;
		};
		D4C69B872B04CF3100CEDC82 /* FirebaseMessaging */ = {
			isa = XCSwiftPackageProductDependency;
			package = D4C69B5E2B04CF3100CEDC82 /* XCRemoteSwiftPackageReference "firebase-ios-sdk" */;
			productName = FirebaseMessaging;
		};
		D4C69B892B04CF3100CEDC82 /* FirebasePerformance */ = {
			isa = XCSwiftPackageProductDependency;
			package = D4C69B5E2B04CF3100CEDC82 /* XCRemoteSwiftPackageReference "firebase-ios-sdk" */;
			productName = FirebasePerformance;
		};
		D4C69B8B2B04CF3100CEDC82 /* FirebaseRemoteConfig */ = {
			isa = XCSwiftPackageProductDependency;
			package = D4C69B5E2B04CF3100CEDC82 /* XCRemoteSwiftPackageReference "firebase-ios-sdk" */;
			productName = FirebaseRemoteConfig;
		};
		D4C69B8D2B04CF3100CEDC82 /* FirebaseRemoteConfigSwift */ = {
			isa = XCSwiftPackageProductDependency;
			package = D4C69B5E2B04CF3100CEDC82 /* XCRemoteSwiftPackageReference "firebase-ios-sdk" */;
			productName = FirebaseRemoteConfigSwift;
		};
		D4C69B8F2B04CF3100CEDC82 /* FirebaseStorage */ = {
			isa = XCSwiftPackageProductDependency;
			package = D4C69B5E2B04CF3100CEDC82 /* XCRemoteSwiftPackageReference "firebase-ios-sdk" */;
			productName = FirebaseStorage;
		};
		D4C69B912B04CF3100CEDC82 /* FirebaseStorageCombine-Community */ = {
			isa = XCSwiftPackageProductDependency;
			package = D4C69B5E2B04CF3100CEDC82 /* XCRemoteSwiftPackageReference "firebase-ios-sdk" */;
			productName = "FirebaseStorageCombine-Community";
		};
/* End XCSwiftPackageProductDependency section */
	};
	rootObject = D4181DA82AF4D07800865090 /* Project object */;
}
